
Microsoft Visual Studio Solution File, Format Version 12.00
# Visual Studio Version 16
VisualStudioVersion = 16.0.29521.150
MinimumVisualStudioVersion = 10.0.40219.1
Project("{FAE04EC0-301F-11D3-BF4B-00C04F79EFBC}") = "EvenOdd", "EvenOdd.csproj", "{46FDE8D1-FAB9-471C-BE05-5B80E122B163}"
EndProject
Global
	GlobalSection(SolutionConfigurationPlatforms) = preSolution
		Debug|Any CPU = Debug|Any CPU
		Release|Any CPU = Release|Any CPU
	EndGlobalSection
	GlobalSection(ProjectConfigurationPlatforms) = postSolution
		{46FDE8D1-FAB9-471C-BE05-5B80E122B163}.Debug|Any CPU.ActiveCfg = Debug|Any CPU
		{46FDE8D1-FAB9-471C-BE05-5B80E122B163}.Debug|Any CPU.Build.0 = Debug|Any CPU
		{46FDE8D1-FAB9-471C-BE05-5B80E122B163}.Release|Any CPU.ActiveCfg = Release|Any CPU
		{46FDE8D1-FAB9-471C-BE05-5B80E122B163}.Release|Any CPU.Build.0 = Release|Any CPU
	EndGlobalSection
	GlobalSection(SolutionProperties) = preSolution
		HideSolutionNode = FALSE
	EndGlobalSection
	GlobalSection(ExtensibilityGlobals) = postSolution
		SolutionGuid = {2928A9B5-4E7E-49ED-8B23-C2D1104851D4}
	EndGlobalSection
EndGlobal
